
Microsoft Visual Studio Solution File, Format Version 12.00
# Visual Studio 15
VisualStudioVersion = 15.0.26730.8
MinimumVisualStudioVersion = 10.0.40219.1
Project("{9A19103F-16F7-4668-BE54-9A1E7A4F7556}") = "Lykke.Service.ExchangeConnector", "src\Lykke.Service.ExchangeConnector\Lykke.Service.ExchangeConnector.csproj", "{88397BE8-8599-415B-ADDA-AB8957F21E23}"
EndProject
Project("{9A19103F-16F7-4668-BE54-9A1E7A4F7556}") = "Lykke.Service.ExchangeConnector.Tests", "tests\Lykke.Service.ExchangeConnector.Tests\Lykke.Service.ExchangeConnector.Tests.csproj", "{AFEA1A4B-9A43-4A08-AB42-82F76C949E4A}"
EndProject
Project("{2150E333-8FDC-42A3-9474-1A3956D46DE8}") = "Tests", "Tests", "{4BB87FE5-BB88-4763-8368-2064A3D7E059}"
EndProject
Project("{9A19103F-16F7-4668-BE54-9A1E7A4F7556}") = "Lykke.Service.ExchangeConnector.Client", "client\Lykke.Service.ExchangeConnector.Client\Lykke.Service.ExchangeConnector.Client.csproj", "{6BE9CFDA-36C0-4997-A875-1ED4C7F611E8}"
EndProject
Project("{9A19103F-16F7-4668-BE54-9A1E7A4F7556}") = "Lykke.ExternalExchangesApi", "src\Lykke.ExternalExchangesApi\Lykke.ExternalExchangesApi.csproj", "{BFCBBFE9-FB1D-484D-8045-80580CD85A97}"
EndProject
Project("{2150E333-8FDC-42A3-9474-1A3956D46DE8}") = "Lykke.Service.ExchangeConnector.DataStore", "Lykke.Service.ExchangeConnector.DataStore", "{8E55F5CE-7F6E-4CDA-8EBB-4E3FC31B02DD}"
EndProject
Project("{9A19103F-16F7-4668-BE54-9A1E7A4F7556}") = "Lykke.Service.ExchangeDataStore", "src\Lykke.Service.ExchangeDataStore\Lykke.Service.ExchangeDataStore\Lykke.Service.ExchangeDataStore.csproj", "{07B268C4-9CB3-418F-B59C-138017178E42}"
EndProject
Project("{9A19103F-16F7-4668-BE54-9A1E7A4F7556}") = "Lykke.Service.ExchangeDataStore.Core", "src\Lykke.Service.ExchangeDataStore\Lykke.Service.ExchangeDataStore.Core\Lykke.Service.ExchangeDataStore.Core.csproj", "{2FFC485A-FCD3-451D-B97B-E59B2A260820}"
EndProject
Project("{9A19103F-16F7-4668-BE54-9A1E7A4F7556}") = "Lykke.Service.ExchangeDataStore.Services", "src\Lykke.Service.ExchangeDataStore\Lykke.Service.ExchangeDataStore.Services\Lykke.Service.ExchangeDataStore.Services.csproj", "{54A127FC-BD9C-44DA-B63A-F3D4C399BB32}"
EndProject
Project("{9A19103F-16F7-4668-BE54-9A1E7A4F7556}") = "Lykke.Service.ExchangeDataStore.AzureRepositories", "src\Lykke.Service.ExchangeDataStore\Lykke.Service.ExchangeDataStore.AzureRepositories\Lykke.Service.ExchangeDataStore.AzureRepositories.csproj", "{E533E146-D1B7-4CF8-904E-8EB17969FB82}"
EndProject
Project("{9A19103F-16F7-4668-BE54-9A1E7A4F7556}") = "Lykke.Service.ExchangeDataStore.Client", "src\Lykke.Service.ExchangeDataStore\client\Lykke.Service.ExchangeDataStore.Client.csproj", "{17A9993D-055D-4FAA-8ACA-1CA17408FF59}"
EndProject
Global
	GlobalSection(SolutionConfigurationPlatforms) = preSolution
		Debug|Any CPU = Debug|Any CPU
		Release|Any CPU = Release|Any CPU
	EndGlobalSection
	GlobalSection(ProjectConfigurationPlatforms) = postSolution
		{88397BE8-8599-415B-ADDA-AB8957F21E23}.Debug|Any CPU.ActiveCfg = Debug|Any CPU
		{88397BE8-8599-415B-ADDA-AB8957F21E23}.Debug|Any CPU.Build.0 = Debug|Any CPU
		{88397BE8-8599-415B-ADDA-AB8957F21E23}.Release|Any CPU.ActiveCfg = Release|Any CPU
		{88397BE8-8599-415B-ADDA-AB8957F21E23}.Release|Any CPU.Build.0 = Release|Any CPU
		{AFEA1A4B-9A43-4A08-AB42-82F76C949E4A}.Debug|Any CPU.ActiveCfg = Debug|Any CPU
		{AFEA1A4B-9A43-4A08-AB42-82F76C949E4A}.Debug|Any CPU.Build.0 = Debug|Any CPU
		{AFEA1A4B-9A43-4A08-AB42-82F76C949E4A}.Release|Any CPU.ActiveCfg = Release|Any CPU
		{AFEA1A4B-9A43-4A08-AB42-82F76C949E4A}.Release|Any CPU.Build.0 = Release|Any CPU
		{6BE9CFDA-36C0-4997-A875-1ED4C7F611E8}.Debug|Any CPU.ActiveCfg = Debug|Any CPU
		{6BE9CFDA-36C0-4997-A875-1ED4C7F611E8}.Debug|Any CPU.Build.0 = Debug|Any CPU
		{6BE9CFDA-36C0-4997-A875-1ED4C7F611E8}.Release|Any CPU.ActiveCfg = Release|Any CPU
		{6BE9CFDA-36C0-4997-A875-1ED4C7F611E8}.Release|Any CPU.Build.0 = Release|Any CPU
		{BFCBBFE9-FB1D-484D-8045-80580CD85A97}.Debug|Any CPU.ActiveCfg = Debug|Any CPU
		{BFCBBFE9-FB1D-484D-8045-80580CD85A97}.Debug|Any CPU.Build.0 = Debug|Any CPU
		{BFCBBFE9-FB1D-484D-8045-80580CD85A97}.Release|Any CPU.ActiveCfg = Release|Any CPU
		{BFCBBFE9-FB1D-484D-8045-80580CD85A97}.Release|Any CPU.Build.0 = Release|Any CPU
		{07B268C4-9CB3-418F-B59C-138017178E42}.Debug|Any CPU.ActiveCfg = Debug|Any CPU
		{07B268C4-9CB3-418F-B59C-138017178E42}.Debug|Any CPU.Build.0 = Debug|Any CPU
		{07B268C4-9CB3-418F-B59C-138017178E42}.Release|Any CPU.ActiveCfg = Release|Any CPU
		{07B268C4-9CB3-418F-B59C-138017178E42}.Release|Any CPU.Build.0 = Release|Any CPU
		{2FFC485A-FCD3-451D-B97B-E59B2A260820}.Debug|Any CPU.ActiveCfg = Debug|Any CPU
		{2FFC485A-FCD3-451D-B97B-E59B2A260820}.Debug|Any CPU.Build.0 = Debug|Any CPU
		{2FFC485A-FCD3-451D-B97B-E59B2A260820}.Release|Any CPU.ActiveCfg = Release|Any CPU
		{2FFC485A-FCD3-451D-B97B-E59B2A260820}.Release|Any CPU.Build.0 = Release|Any CPU
		{54A127FC-BD9C-44DA-B63A-F3D4C399BB32}.Debug|Any CPU.ActiveCfg = Debug|Any CPU
		{54A127FC-BD9C-44DA-B63A-F3D4C399BB32}.Debug|Any CPU.Build.0 = Debug|Any CPU
		{54A127FC-BD9C-44DA-B63A-F3D4C399BB32}.Release|Any CPU.ActiveCfg = Release|Any CPU
		{54A127FC-BD9C-44DA-B63A-F3D4C399BB32}.Release|Any CPU.Build.0 = Release|Any CPU
		{E533E146-D1B7-4CF8-904E-8EB17969FB82}.Debug|Any CPU.ActiveCfg = Debug|Any CPU
		{E533E146-D1B7-4CF8-904E-8EB17969FB82}.Debug|Any CPU.Build.0 = Debug|Any CPU
		{E533E146-D1B7-4CF8-904E-8EB17969FB82}.Release|Any CPU.ActiveCfg = Release|Any CPU
		{E533E146-D1B7-4CF8-904E-8EB17969FB82}.Release|Any CPU.Build.0 = Release|Any CPU
		{17A9993D-055D-4FAA-8ACA-1CA17408FF59}.Debug|Any CPU.ActiveCfg = Debug|Any CPU
		{17A9993D-055D-4FAA-8ACA-1CA17408FF59}.Debug|Any CPU.Build.0 = Debug|Any CPU
		{17A9993D-055D-4FAA-8ACA-1CA17408FF59}.Release|Any CPU.ActiveCfg = Release|Any CPU
		{17A9993D-055D-4FAA-8ACA-1CA17408FF59}.Release|Any CPU.Build.0 = Release|Any CPU
	EndGlobalSection
	GlobalSection(SolutionProperties) = preSolution
		HideSolutionNode = FALSE
	EndGlobalSection
	GlobalSection(NestedProjects) = preSolution
		{AFEA1A4B-9A43-4A08-AB42-82F76C949E4A} = {4BB87FE5-BB88-4763-8368-2064A3D7E059}
		{07B268C4-9CB3-418F-B59C-138017178E42} = {8E55F5CE-7F6E-4CDA-8EBB-4E3FC31B02DD}
		{2FFC485A-FCD3-451D-B97B-E59B2A260820} = {8E55F5CE-7F6E-4CDA-8EBB-4E3FC31B02DD}
		{54A127FC-BD9C-44DA-B63A-F3D4C399BB32} = {8E55F5CE-7F6E-4CDA-8EBB-4E3FC31B02DD}
		{E533E146-D1B7-4CF8-904E-8EB17969FB82} = {8E55F5CE-7F6E-4CDA-8EBB-4E3FC31B02DD}
		{17A9993D-055D-4FAA-8ACA-1CA17408FF59} = {8E55F5CE-7F6E-4CDA-8EBB-4E3FC31B02DD}
	EndGlobalSection
	GlobalSection(ExtensibilityGlobals) = postSolution
		SolutionGuid = {49A9C75C-770F-4032-8403-7569CEB2921B}
	EndGlobalSection
EndGlobal
