
Microsoft Visual Studio Solution File, Format Version 12.00
# Visual Studio 15
VisualStudioVersion = 15.0.26730.8
MinimumVisualStudioVersion = 10.0.40219.1
Project("{9A19103F-16F7-4668-BE54-9A1E7A4F7556}") = "Lykke.Service.ExchangeConnector", "src\Lykke.Service.ExchangeConnector\Lykke.Service.ExchangeConnector.csproj", "{88397BE8-8599-415B-ADDA-AB8957F21E23}"
EndProject
Project("{9A19103F-16F7-4668-BE54-9A1E7A4F7556}") = "Lykke.Service.ExchangeConnector.Tests", "tests\Lykke.Service.ExchangeConnector.Tests\Lykke.Service.ExchangeConnector.Tests.csproj", "{AFEA1A4B-9A43-4A08-AB42-82F76C949E4A}"
EndProject
Project("{2150E333-8FDC-42A3-9474-1A3956D46DE8}") = "Tests", "Tests", "{4BB87FE5-BB88-4763-8368-2064A3D7E059}"
EndProject
Project("{9A19103F-16F7-4668-BE54-9A1E7A4F7556}") = "Lykke.Service.ExchangeConnector.Client", "client\Lykke.Service.ExchangeConnector.Client\Lykke.Service.ExchangeConnector.Client.csproj", "{6BE9CFDA-36C0-4997-A875-1ED4C7F611E8}"
EndProject
Project("{9A19103F-16F7-4668-BE54-9A1E7A4F7556}") = "Lykke.ExternalExchangesApi", "src\Lykke.ExternalExchangesApi\Lykke.ExternalExchangesApi.csproj", "{BFCBBFE9-FB1D-484D-8045-80580CD85A97}"
EndProject
Global
	GlobalSection(SolutionConfigurationPlatforms) = preSolution
		Debug|Any CPU = Debug|Any CPU
		Release|Any CPU = Release|Any CPU
	EndGlobalSection
	GlobalSection(ProjectConfigurationPlatforms) = postSolution
		{88397BE8-8599-415B-ADDA-AB8957F21E23}.Debug|Any CPU.ActiveCfg = Debug|Any CPU
		{88397BE8-8599-415B-ADDA-AB8957F21E23}.Debug|Any CPU.Build.0 = Debug|Any CPU
		{88397BE8-8599-415B-ADDA-AB8957F21E23}.Release|Any CPU.ActiveCfg = Release|Any CPU
		{88397BE8-8599-415B-ADDA-AB8957F21E23}.Release|Any CPU.Build.0 = Release|Any CPU
		{AFEA1A4B-9A43-4A08-AB42-82F76C949E4A}.Debug|Any CPU.ActiveCfg = Debug|Any CPU
		{AFEA1A4B-9A43-4A08-AB42-82F76C949E4A}.Debug|Any CPU.Build.0 = Debug|Any CPU
		{AFEA1A4B-9A43-4A08-AB42-82F76C949E4A}.Release|Any CPU.ActiveCfg = Release|Any CPU
		{AFEA1A4B-9A43-4A08-AB42-82F76C949E4A}.Release|Any CPU.Build.0 = Release|Any CPU
		{6BE9CFDA-36C0-4997-A875-1ED4C7F611E8}.Debug|Any CPU.ActiveCfg = Debug|Any CPU
		{6BE9CFDA-36C0-4997-A875-1ED4C7F611E8}.Debug|Any CPU.Build.0 = Debug|Any CPU
		{6BE9CFDA-36C0-4997-A875-1ED4C7F611E8}.Release|Any CPU.ActiveCfg = Release|Any CPU
		{6BE9CFDA-36C0-4997-A875-1ED4C7F611E8}.Release|Any CPU.Build.0 = Release|Any CPU
		{BFCBBFE9-FB1D-484D-8045-80580CD85A97}.Debug|Any CPU.ActiveCfg = Debug|Any CPU
		{BFCBBFE9-FB1D-484D-8045-80580CD85A97}.Debug|Any CPU.Build.0 = Debug|Any CPU
		{BFCBBFE9-FB1D-484D-8045-80580CD85A97}.Release|Any CPU.ActiveCfg = Release|Any CPU
		{BFCBBFE9-FB1D-484D-8045-80580CD85A97}.Release|Any CPU.Build.0 = Release|Any CPU
	EndGlobalSection
	GlobalSection(SolutionProperties) = preSolution
		HideSolutionNode = FALSE
	EndGlobalSection
	GlobalSection(NestedProjects) = preSolution
		{AFEA1A4B-9A43-4A08-AB42-82F76C949E4A} = {4BB87FE5-BB88-4763-8368-2064A3D7E059}
	EndGlobalSection
	GlobalSection(ExtensibilityGlobals) = postSolution
		SolutionGuid = {49A9C75C-770F-4032-8403-7569CEB2921B}
	EndGlobalSection
EndGlobal
