
Microsoft Visual Studio Solution File, Format Version 12.00
# Visual Studio 15
VisualStudioVersion = 15.0.26430.4
MinimumVisualStudioVersion = 10.0.40219.1
Project("{FAE04EC0-301F-11D3-BF4B-00C04F79EFBC}") = "TradingBot", "TradingBot\TradingBot.csproj", "{88397BE8-8599-415B-ADDA-AB8957F21E23}"
EndProject
Project("{FAE04EC0-301F-11D3-BF4B-00C04F79EFBC}") = "TradingBot.TheAlphaEngine", "TradingBot.TheAlphaEngine\TradingBot.TheAlphaEngine.csproj", "{9CBAB58C-7ECF-4A4E-81C9-EB47D14DDC65}"
EndProject
Project("{FAE04EC0-301F-11D3-BF4B-00C04F79EFBC}") = "TradingBot.Common", "TradingBot.Common\TradingBot.Common.csproj", "{82BF2B41-B587-4EF0-B390-8669B8702B33}"
EndProject
Project("{FAE04EC0-301F-11D3-BF4B-00C04F79EFBC}") = "TradingBot.Tests", "Tests\TradingBot.Tests\TradingBot.Tests.csproj", "{AFEA1A4B-9A43-4A08-AB42-82F76C949E4A}"
EndProject
Project("{2150E333-8FDC-42A3-9474-1A3956D46DE8}") = "Tests", "Tests", "{1E1FE78F-46F1-4E57-A4AF-69E72DC0EE4A}"
EndProject
Project("{FAE04EC0-301F-11D3-BF4B-00C04F79EFBC}") = "TradingBot.TheAlphaEngine.Tests", "Tests\TradingBot.TheAlphaEngine.Tests\TradingBot.TheAlphaEngine.Tests.csproj", "{2D6FCA7A-7DFE-4836-8F06-57A620B7B5C7}"
EndProject
Project("{FAE04EC0-301F-11D3-BF4B-00C04F79EFBC}") = "TradingBot.FixConnector", "TradingBot.FixConnector\TradingBot.FixConnector.csproj", "{ACF05D07-94FF-4252-A1D0-DD1940FDCC4D}"
EndProject
Project("{FAE04EC0-301F-11D3-BF4B-00C04F79EFBC}") = "QuickFix.DotNetCore", "QuickFix.DotNetCore\QuickFix.DotNetCore.csproj", "{41CDE78A-3A88-45FF-AB67-C4EAF50C9856}"
EndProject
Project("{56687AC2-F2ED-4628-965A-65A60602EF18}") = "TradingBot.Common.Tests", "Tests\TradingBot.Common.Tests\TradingBot.Common.Tests.csproj", "{F448A4D4-6694-48DC-9B32-AE7FC704DBEB}"
EndProject
Global
	GlobalSection(SolutionConfigurationPlatforms) = preSolution
		Debug|Any CPU = Debug|Any CPU
		Release|Any CPU = Release|Any CPU
	EndGlobalSection
	GlobalSection(ProjectConfigurationPlatforms) = postSolution
		{88397BE8-8599-415B-ADDA-AB8957F21E23}.Debug|Any CPU.ActiveCfg = Debug|Any CPU
		{88397BE8-8599-415B-ADDA-AB8957F21E23}.Debug|Any CPU.Build.0 = Debug|Any CPU
		{88397BE8-8599-415B-ADDA-AB8957F21E23}.Release|Any CPU.ActiveCfg = Release|Any CPU
		{88397BE8-8599-415B-ADDA-AB8957F21E23}.Release|Any CPU.Build.0 = Release|Any CPU
		{9CBAB58C-7ECF-4A4E-81C9-EB47D14DDC65}.Debug|Any CPU.ActiveCfg = Debug|Any CPU
		{9CBAB58C-7ECF-4A4E-81C9-EB47D14DDC65}.Debug|Any CPU.Build.0 = Debug|Any CPU
		{9CBAB58C-7ECF-4A4E-81C9-EB47D14DDC65}.Release|Any CPU.ActiveCfg = Release|Any CPU
		{9CBAB58C-7ECF-4A4E-81C9-EB47D14DDC65}.Release|Any CPU.Build.0 = Release|Any CPU
		{82BF2B41-B587-4EF0-B390-8669B8702B33}.Debug|Any CPU.ActiveCfg = Debug|Any CPU
		{82BF2B41-B587-4EF0-B390-8669B8702B33}.Debug|Any CPU.Build.0 = Debug|Any CPU
		{82BF2B41-B587-4EF0-B390-8669B8702B33}.Release|Any CPU.ActiveCfg = Release|Any CPU
		{82BF2B41-B587-4EF0-B390-8669B8702B33}.Release|Any CPU.Build.0 = Release|Any CPU
		{AFEA1A4B-9A43-4A08-AB42-82F76C949E4A}.Debug|Any CPU.ActiveCfg = Debug|Any CPU
		{AFEA1A4B-9A43-4A08-AB42-82F76C949E4A}.Debug|Any CPU.Build.0 = Debug|Any CPU
		{AFEA1A4B-9A43-4A08-AB42-82F76C949E4A}.Release|Any CPU.ActiveCfg = Release|Any CPU
		{AFEA1A4B-9A43-4A08-AB42-82F76C949E4A}.Release|Any CPU.Build.0 = Release|Any CPU
		{2D6FCA7A-7DFE-4836-8F06-57A620B7B5C7}.Debug|Any CPU.ActiveCfg = Debug|Any CPU
		{2D6FCA7A-7DFE-4836-8F06-57A620B7B5C7}.Debug|Any CPU.Build.0 = Debug|Any CPU
		{2D6FCA7A-7DFE-4836-8F06-57A620B7B5C7}.Release|Any CPU.ActiveCfg = Release|Any CPU
		{2D6FCA7A-7DFE-4836-8F06-57A620B7B5C7}.Release|Any CPU.Build.0 = Release|Any CPU
		{ACF05D07-94FF-4252-A1D0-DD1940FDCC4D}.Debug|Any CPU.ActiveCfg = Debug|Any CPU
		{ACF05D07-94FF-4252-A1D0-DD1940FDCC4D}.Debug|Any CPU.Build.0 = Debug|Any CPU
		{ACF05D07-94FF-4252-A1D0-DD1940FDCC4D}.Release|Any CPU.ActiveCfg = Release|Any CPU
		{ACF05D07-94FF-4252-A1D0-DD1940FDCC4D}.Release|Any CPU.Build.0 = Release|Any CPU
		{41CDE78A-3A88-45FF-AB67-C4EAF50C9856}.Debug|Any CPU.ActiveCfg = Debug|Any CPU
		{41CDE78A-3A88-45FF-AB67-C4EAF50C9856}.Debug|Any CPU.Build.0 = Debug|Any CPU
		{41CDE78A-3A88-45FF-AB67-C4EAF50C9856}.Release|Any CPU.ActiveCfg = Release|Any CPU
		{41CDE78A-3A88-45FF-AB67-C4EAF50C9856}.Release|Any CPU.Build.0 = Release|Any CPU
		{F448A4D4-6694-48DC-9B32-AE7FC704DBEB}.Debug|Any CPU.ActiveCfg = Debug|Any CPU
		{F448A4D4-6694-48DC-9B32-AE7FC704DBEB}.Debug|Any CPU.Build.0 = Debug|Any CPU
		{F448A4D4-6694-48DC-9B32-AE7FC704DBEB}.Release|Any CPU.ActiveCfg = Release|Any CPU
		{F448A4D4-6694-48DC-9B32-AE7FC704DBEB}.Release|Any CPU.Build.0 = Release|Any CPU
	EndGlobalSection
	GlobalSection(SolutionProperties) = preSolution
		HideSolutionNode = FALSE
	EndGlobalSection
	GlobalSection(NestedProjects) = preSolution
		{AFEA1A4B-9A43-4A08-AB42-82F76C949E4A} = {1E1FE78F-46F1-4E57-A4AF-69E72DC0EE4A}
		{2D6FCA7A-7DFE-4836-8F06-57A620B7B5C7} = {1E1FE78F-46F1-4E57-A4AF-69E72DC0EE4A}
		{F448A4D4-6694-48DC-9B32-AE7FC704DBEB} = {1E1FE78F-46F1-4E57-A4AF-69E72DC0EE4A}
	EndGlobalSection
EndGlobal
